
Microsoft Visual Studio Solution File, Format Version 12.00
# Visual Studio Version 16
VisualStudioVersion = 16.0.31025.194
MinimumVisualStudioVersion = 10.0.40219.1
Project("{FAE04EC0-301F-11D3-BF4B-00C04F79EFBC}") = "application", "application\application.csproj", "{8E7842FA-0082-4AA7-9D4D-27C9E2ED92E7}"
EndProject
Global
	GlobalSection(SolutionConfigurationPlatforms) = preSolution
		Debug|Any CPU = Debug|Any CPU
		Release|Any CPU = Release|Any CPU
	EndGlobalSection
	GlobalSection(ProjectConfigurationPlatforms) = postSolution
		{8E7842FA-0082-4AA7-9D4D-27C9E2ED92E7}.Debug|Any CPU.ActiveCfg = Debug|Any CPU
		{8E7842FA-0082-4AA7-9D4D-27C9E2ED92E7}.Debug|Any CPU.Build.0 = Debug|Any CPU
		{8E7842FA-0082-4AA7-9D4D-27C9E2ED92E7}.Release|Any CPU.ActiveCfg = Release|Any CPU
		{8E7842FA-0082-4AA7-9D4D-27C9E2ED92E7}.Release|Any CPU.Build.0 = Release|Any CPU
	EndGlobalSection
	GlobalSection(SolutionProperties) = preSolution
		HideSolutionNode = FALSE
	EndGlobalSection
	GlobalSection(ExtensibilityGlobals) = postSolution
		SolutionGuid = {BE813963-1B0C-4556-895E-8D347A5E4773}
	EndGlobalSection
EndGlobal
