
Microsoft Visual Studio Solution File, Format Version 12.00
# Visual Studio Version 16
VisualStudioVersion = 16.0.31025.194
MinimumVisualStudioVersion = 10.0.40219.1
Project("{FAE04EC0-301F-11D3-BF4B-00C04F79EFBC}") = "application", "application\application.csproj", "{30109F7B-7519-4A78-8491-033B30DD0E49}"
EndProject
Global
	GlobalSection(SolutionConfigurationPlatforms) = preSolution
		Debug|Any CPU = Debug|Any CPU
		Release|Any CPU = Release|Any CPU
	EndGlobalSection
	GlobalSection(ProjectConfigurationPlatforms) = postSolution
		{30109F7B-7519-4A78-8491-033B30DD0E49}.Debug|Any CPU.ActiveCfg = Debug|Any CPU
		{30109F7B-7519-4A78-8491-033B30DD0E49}.Debug|Any CPU.Build.0 = Debug|Any CPU
		{30109F7B-7519-4A78-8491-033B30DD0E49}.Release|Any CPU.ActiveCfg = Release|Any CPU
		{30109F7B-7519-4A78-8491-033B30DD0E49}.Release|Any CPU.Build.0 = Release|Any CPU
	EndGlobalSection
	GlobalSection(SolutionProperties) = preSolution
		HideSolutionNode = FALSE
	EndGlobalSection
	GlobalSection(ExtensibilityGlobals) = postSolution
		SolutionGuid = {5D854D29-6F64-4352-A857-468B364CCB59}
	EndGlobalSection
EndGlobal
