
Microsoft Visual Studio Solution File, Format Version 12.00
# Visual Studio Version 16
VisualStudioVersion = 16.0.31025.194
MinimumVisualStudioVersion = 10.0.40219.1
Project("{FAE04EC0-301F-11D3-BF4B-00C04F79EFBC}") = "application", "application\application.csproj", "{764E0836-A4C1-40D4-80BF-52D55BA08269}"
EndProject
Global
	GlobalSection(SolutionConfigurationPlatforms) = preSolution
		Debug|Any CPU = Debug|Any CPU
		Release|Any CPU = Release|Any CPU
	EndGlobalSection
	GlobalSection(ProjectConfigurationPlatforms) = postSolution
		{764E0836-A4C1-40D4-80BF-52D55BA08269}.Debug|Any CPU.ActiveCfg = Debug|Any CPU
		{764E0836-A4C1-40D4-80BF-52D55BA08269}.Debug|Any CPU.Build.0 = Debug|Any CPU
		{764E0836-A4C1-40D4-80BF-52D55BA08269}.Release|Any CPU.ActiveCfg = Release|Any CPU
		{764E0836-A4C1-40D4-80BF-52D55BA08269}.Release|Any CPU.Build.0 = Release|Any CPU
	EndGlobalSection
	GlobalSection(SolutionProperties) = preSolution
		HideSolutionNode = FALSE
	EndGlobalSection
	GlobalSection(ExtensibilityGlobals) = postSolution
		SolutionGuid = {1D67141A-FC25-45D2-B654-FB56A8135B6B}
	EndGlobalSection
EndGlobal
