
Microsoft Visual Studio Solution File, Format Version 12.00
# Visual Studio Version 16
VisualStudioVersion = 16.0.31025.194
MinimumVisualStudioVersion = 10.0.40219.1
Project("{FAE04EC0-301F-11D3-BF4B-00C04F79EFBC}") = "application", "application\application.csproj", "{E34266D1-17C0-4100-95A2-14A80C2832EC}"
EndProject
Global
	GlobalSection(SolutionConfigurationPlatforms) = preSolution
		Debug|Any CPU = Debug|Any CPU
		Release|Any CPU = Release|Any CPU
	EndGlobalSection
	GlobalSection(ProjectConfigurationPlatforms) = postSolution
		{E34266D1-17C0-4100-95A2-14A80C2832EC}.Debug|Any CPU.ActiveCfg = Debug|Any CPU
		{E34266D1-17C0-4100-95A2-14A80C2832EC}.Debug|Any CPU.Build.0 = Debug|Any CPU
		{E34266D1-17C0-4100-95A2-14A80C2832EC}.Release|Any CPU.ActiveCfg = Release|Any CPU
		{E34266D1-17C0-4100-95A2-14A80C2832EC}.Release|Any CPU.Build.0 = Release|Any CPU
	EndGlobalSection
	GlobalSection(SolutionProperties) = preSolution
		HideSolutionNode = FALSE
	EndGlobalSection
	GlobalSection(ExtensibilityGlobals) = postSolution
		SolutionGuid = {74B39A6F-6670-42A0-8C14-A50B92C5F753}
	EndGlobalSection
EndGlobal
